<?xml version="1.0" encoding="utf-8"?>
<Project ToolsVersion="4.0" xmlns="http://schemas.microsoft.com/developer/msbuild/2003">
  <ItemGroup>
    <Filter Include="Archivos de origen">
      <UniqueIdentifier>{4FC737F1-C7A5-4376-A066-2A32D752A2FF}</UniqueIdentifier>
      <Extensions>cpp;c;cc;cxx;c++;cppm;ixx;def;odl;idl;hpj;bat;asm;asmx</Extensions>
    </Filter>
    <Filter Include="Archivos de encabezado">
      <UniqueIdentifier>{93995380-89BD-4b04-88EB-625FBE52EBFB}</UniqueIdentifier>
      <Extensions>h;hh;hpp;hxx;h++;hm;inl;inc;ipp;xsd</Extensions>
    </Filter>
    <Filter Include="Archivos de recursos">
      <UniqueIdentifier>{67DA6AB6-F800-4c08-8B7A-83BB121AAD01}</UniqueIdentifier>
      <Extensions>rc;ico;cur;bmp;dlg;rc2;rct;bin;rgs;gif;jpg;jpeg;jpe;resx;tiff;tif;png;wav;mfcribbon-ms</Extensions>
    </Filter>
  </ItemGroup>
  <ItemGroup>
    <ClCompile Include="..\..\Src\PhysicsEngine\PhysicsManager.cpp">
      <Filter>Archivos de origen</Filter>
    </ClCompile>
    <ClCompile Include="..\..\Src\PhysicsEngine\RigidBody.cpp">
      <Filter>Archivos de origen</Filter>
    </ClCompile>
    <ClCompile Include="..\..\Src\PhysicsEngine\Collider.cpp">
      <Filter>Archivos de origen</Filter>
    </ClCompile>
    <ClCompile Include="..\..\Src\PhysicsEngine\PhysicsDebugDrawer.cpp">
      <Filter>Archivos de origen</Filter>
    </ClCompile>
    <ClCompile Include="..\..\Src\PhysicsEngine\ColliderCreator.cpp">
      <Filter>Archivos de origen</Filter>
    </ClCompile>
    <ClCompile Include="..\..\Src\PhysicsEngine\RigidbodyCreator.cpp">
      <Filter>Archivos de origen</Filter>
    </ClCompile>
    <ClCompile Include="..\..\Src\PhysicsEngine\CollisionCallback.cpp">
      <Filter>Archivos de origen</Filter>
    </ClCompile>
    <ClCompile Include="..\..\Src\PhysicsEngine\PhysicsComponent.cpp">
      <Filter>Archivos de origen</Filter>
    </ClCompile>
    <ClCompile Include="..\..\Src\PhysicsEngine\PlayerCamera.cpp">
      <Filter>Archivos de origen</Filter>
    </ClCompile>
    <ClCompile Include="..\..\Src\PhysicsEngine\PlayerCtrl.cpp">
      <Filter>Archivos de origen</Filter>
    </ClCompile>
    <ClCompile Include="..\..\Src\PhysicsEngine\VehicleMovement.cpp">
      <Filter>Archivos de origen</Filter>
    </ClCompile>
  </ItemGroup>
  <ItemGroup>
    <ClInclude Include="..\..\Src\PhysicsEngine\PhysicsManager.h">
      <Filter>Archivos de encabezado</Filter>
    </ClInclude>
    <ClInclude Include="..\..\Src\PhysicsEngine\RigidBody.h">
      <Filter>Archivos de encabezado</Filter>
    </ClInclude>
    <ClInclude Include="..\..\Src\PhysicsEngine\Collider.h">
      <Filter>Archivos de encabezado</Filter>
    </ClInclude>
    <ClInclude Include="..\..\Src\PhysicsEngine\PhysicsDebugDrawer.h">
      <Filter>Archivos de encabezado</Filter>
    </ClInclude>
    <ClInclude Include="..\..\Src\PhysicsEngine\ColliderCreator.h">
      <Filter>Archivos de encabezado</Filter>
    </ClInclude>
    <ClInclude Include="..\..\Src\PhysicsEngine\RigidbodyCreator.h">
      <Filter>Archivos de encabezado</Filter>
    </ClInclude>
    <ClInclude Include="..\..\Src\PhysicsEngine\CollisionCallback.h">
      <Filter>Archivos de encabezado</Filter>
    </ClInclude>
    <ClInclude Include="..\..\Src\PhysicsEngine\PhysicsComponent.h">
      <Filter>Archivos de encabezado</Filter>
    </ClInclude>
    <ClInclude Include="..\..\Src\PhysicsEngine\PlayerCamera.h">
      <Filter>Archivos de encabezado</Filter>
    </ClInclude>
    <ClInclude Include="..\..\Src\PhysicsEngine\PlayerCtrl.h">
      <Filter>Archivos de encabezado</Filter>
    </ClInclude>
    <ClInclude Include="..\..\Src\PhysicsEngine\VehicleMovement.h">
      <Filter>Archivos de encabezado</Filter>
    </ClInclude>
  </ItemGroup>
</Project>